
Microsoft Visual Studio Solution File, Format Version 12.00
# Visual Studio Version 16
VisualStudioVersion = 16.0.31729.503
MinimumVisualStudioVersion = 10.0.40219.1
Project("{9A19103F-16F7-4668-BE54-9A1E7A4F7556}") = "ConsultorioDesktop", "CosultorioDescktop\ConsultorioDesktop.csproj", "{E6F806AB-D4F2-40B9-8D68-7A35A6EF4E9D}"
EndProject
Global
	GlobalSection(SolutionConfigurationPlatforms) = preSolution
		Debug|Any CPU = Debug|Any CPU
		Release|Any CPU = Release|Any CPU
	EndGlobalSection
	GlobalSection(ProjectConfigurationPlatforms) = postSolution
		{E6F806AB-D4F2-40B9-8D68-7A35A6EF4E9D}.Debug|Any CPU.ActiveCfg = Debug|Any CPU
		{E6F806AB-D4F2-40B9-8D68-7A35A6EF4E9D}.Debug|Any CPU.Build.0 = Debug|Any CPU
		{E6F806AB-D4F2-40B9-8D68-7A35A6EF4E9D}.Release|Any CPU.ActiveCfg = Release|Any CPU
		{E6F806AB-D4F2-40B9-8D68-7A35A6EF4E9D}.Release|Any CPU.Build.0 = Release|Any CPU
	EndGlobalSection
	GlobalSection(SolutionProperties) = preSolution
		HideSolutionNode = FALSE
	EndGlobalSection
	GlobalSection(ExtensibilityGlobals) = postSolution
		SolutionGuid = {B3793096-7532-4DB2-86F9-678087EC9A32}
	EndGlobalSection
EndGlobal
